
Microsoft Visual Studio Solution File, Format Version 12.00
# Visual Studio Version 16
VisualStudioVersion = 16.0.29911.98
MinimumVisualStudioVersion = 15.0.26124.0
Project("{9A19103F-16F7-4668-BE54-9A1E7A4F7556}") = "Toolbelt.Blazor.DevServer.WithCssLiveReloader", "Toolbelt.Blazor.DevServer.WithCssLiveReloader\Toolbelt.Blazor.DevServer.WithCssLiveReloader.csproj", "{B44D067B-13B3-469E-9B86-1CBAA154763D}"
EndProject
Project("{2150E333-8FDC-42A3-9474-1A3956D46DE8}") = "README", "README", "{8A8F2F27-F39D-4FC1-8F1A-554DC57330A5}"
	ProjectSection(SolutionItems) = preProject
		LICENSE.txt = LICENSE.txt
		README.md = README.md
	EndProjectSection
EndProject
Global
	GlobalSection(SolutionConfigurationPlatforms) = preSolution
		Debug|Any CPU = Debug|Any CPU
		Debug|x64 = Debug|x64
		Debug|x86 = Debug|x86
		Release|Any CPU = Release|Any CPU
		Release|x64 = Release|x64
		Release|x86 = Release|x86
	EndGlobalSection
	GlobalSection(ProjectConfigurationPlatforms) = postSolution
		{B44D067B-13B3-469E-9B86-1CBAA154763D}.Debug|Any CPU.ActiveCfg = Debug|Any CPU
		{B44D067B-13B3-469E-9B86-1CBAA154763D}.Debug|Any CPU.Build.0 = Debug|Any CPU
		{B44D067B-13B3-469E-9B86-1CBAA154763D}.Debug|x64.ActiveCfg = Debug|Any CPU
		{B44D067B-13B3-469E-9B86-1CBAA154763D}.Debug|x64.Build.0 = Debug|Any CPU
		{B44D067B-13B3-469E-9B86-1CBAA154763D}.Debug|x86.ActiveCfg = Debug|Any CPU
		{B44D067B-13B3-469E-9B86-1CBAA154763D}.Debug|x86.Build.0 = Debug|Any CPU
		{B44D067B-13B3-469E-9B86-1CBAA154763D}.Release|Any CPU.ActiveCfg = Release|Any CPU
		{B44D067B-13B3-469E-9B86-1CBAA154763D}.Release|Any CPU.Build.0 = Release|Any CPU
		{B44D067B-13B3-469E-9B86-1CBAA154763D}.Release|x64.ActiveCfg = Release|Any CPU
		{B44D067B-13B3-469E-9B86-1CBAA154763D}.Release|x64.Build.0 = Release|Any CPU
		{B44D067B-13B3-469E-9B86-1CBAA154763D}.Release|x86.ActiveCfg = Release|Any CPU
		{B44D067B-13B3-469E-9B86-1CBAA154763D}.Release|x86.Build.0 = Release|Any CPU
	EndGlobalSection
	GlobalSection(SolutionProperties) = preSolution
		HideSolutionNode = FALSE
	EndGlobalSection
	GlobalSection(ExtensibilityGlobals) = postSolution
		SolutionGuid = {7898F565-23D9-4CEC-ACEC-45040C613214}
	EndGlobalSection
EndGlobal
